
Microsoft Visual Studio Solution File, Format Version 12.00
# Visual Studio 15
VisualStudioVersion = 15.0.28010.2036
MinimumVisualStudioVersion = 10.0.40219.1
Project("{FAE04EC0-301F-11D3-BF4B-00C04F79EFBC}") = "MovieRental", "MovieRental\MovieRental.csproj", "{3DF3929B-3552-4FD7-BFDB-52FC7A83990D}"
EndProject
Project("{FAE04EC0-301F-11D3-BF4B-00C04F79EFBC}") = "MovieRental.Tests", "MovieRental.Tests\MovieRental.Tests.csproj", "{1FFE1860-BE00-44D1-B225-8F7B48B21FE2}"
EndProject
Global
	GlobalSection(SolutionConfigurationPlatforms) = preSolution
		Debug|Any CPU = Debug|Any CPU
		Release|Any CPU = Release|Any CPU
	EndGlobalSection
	GlobalSection(ProjectConfigurationPlatforms) = postSolution
		{3DF3929B-3552-4FD7-BFDB-52FC7A83990D}.Debug|Any CPU.ActiveCfg = Debug|Any CPU
		{3DF3929B-3552-4FD7-BFDB-52FC7A83990D}.Debug|Any CPU.Build.0 = Debug|Any CPU
		{3DF3929B-3552-4FD7-BFDB-52FC7A83990D}.Release|Any CPU.ActiveCfg = Release|Any CPU
		{3DF3929B-3552-4FD7-BFDB-52FC7A83990D}.Release|Any CPU.Build.0 = Release|Any CPU
		{1FFE1860-BE00-44D1-B225-8F7B48B21FE2}.Debug|Any CPU.ActiveCfg = Debug|Any CPU
		{1FFE1860-BE00-44D1-B225-8F7B48B21FE2}.Debug|Any CPU.Build.0 = Debug|Any CPU
		{1FFE1860-BE00-44D1-B225-8F7B48B21FE2}.Release|Any CPU.ActiveCfg = Release|Any CPU
		{1FFE1860-BE00-44D1-B225-8F7B48B21FE2}.Release|Any CPU.Build.0 = Release|Any CPU
	EndGlobalSection
	GlobalSection(SolutionProperties) = preSolution
		HideSolutionNode = FALSE
	EndGlobalSection
	GlobalSection(ExtensibilityGlobals) = postSolution
		SolutionGuid = {2828A2B5-BDB0-43D3-A10F-2FD04368A2A7}
	EndGlobalSection
EndGlobal
